
Microsoft Visual Studio Solution File, Format Version 12.00
# Visual Studio 15
VisualStudioVersion = 15.0.28307.572
MinimumVisualStudioVersion = 10.0.40219.1
Project("{FAE04EC0-301F-11D3-BF4B-00C04F79EFBC}") = "MMT-OMS", "MMT-OMS\MMT-OMS.csproj", "{D49E3A5C-C5EC-413D-ACC9-AB5ED2AD291D}"
EndProject
Project("{E24C65DC-7377-472B-9ABA-BC803B73C61A}") = "MMT-OMS.Vue", "MMT-OMS.Vue\", "{8DACFEDD-6727-48BB-BCE2-60A1C2D995E2}"
	ProjectSection(WebsiteProperties) = preProject
		TargetFrameworkMoniker = ".NETFramework,Version%3Dv4.0"
		Debug.AspNetCompiler.VirtualPath = "/localhost_63217"
		Debug.AspNetCompiler.PhysicalPath = "MMT-OMS.Vue\"
		Debug.AspNetCompiler.TargetPath = "PrecompiledWeb\localhost_63217\"
		Debug.AspNetCompiler.Updateable = "true"
		Debug.AspNetCompiler.ForceOverwrite = "true"
		Debug.AspNetCompiler.FixedNames = "false"
		Debug.AspNetCompiler.Debug = "True"
		Release.AspNetCompiler.VirtualPath = "/localhost_63217"
		Release.AspNetCompiler.PhysicalPath = "MMT-OMS.Vue\"
		Release.AspNetCompiler.TargetPath = "PrecompiledWeb\localhost_63217\"
		Release.AspNetCompiler.Updateable = "true"
		Release.AspNetCompiler.ForceOverwrite = "true"
		Release.AspNetCompiler.FixedNames = "false"
		Release.AspNetCompiler.Debug = "False"
		VWDPort = "63217"
	EndProjectSection
EndProject
Global
	GlobalSection(SolutionConfigurationPlatforms) = preSolution
		Debug|Any CPU = Debug|Any CPU
		Release|Any CPU = Release|Any CPU
	EndGlobalSection
	GlobalSection(ProjectConfigurationPlatforms) = postSolution
		{D49E3A5C-C5EC-413D-ACC9-AB5ED2AD291D}.Debug|Any CPU.ActiveCfg = Debug|Any CPU
		{D49E3A5C-C5EC-413D-ACC9-AB5ED2AD291D}.Debug|Any CPU.Build.0 = Debug|Any CPU
		{D49E3A5C-C5EC-413D-ACC9-AB5ED2AD291D}.Release|Any CPU.ActiveCfg = Release|Any CPU
		{D49E3A5C-C5EC-413D-ACC9-AB5ED2AD291D}.Release|Any CPU.Build.0 = Release|Any CPU
		{8DACFEDD-6727-48BB-BCE2-60A1C2D995E2}.Debug|Any CPU.ActiveCfg = Debug|Any CPU
		{8DACFEDD-6727-48BB-BCE2-60A1C2D995E2}.Debug|Any CPU.Build.0 = Debug|Any CPU
		{8DACFEDD-6727-48BB-BCE2-60A1C2D995E2}.Release|Any CPU.ActiveCfg = Debug|Any CPU
		{8DACFEDD-6727-48BB-BCE2-60A1C2D995E2}.Release|Any CPU.Build.0 = Debug|Any CPU
	EndGlobalSection
	GlobalSection(SolutionProperties) = preSolution
		HideSolutionNode = FALSE
	EndGlobalSection
	GlobalSection(ExtensibilityGlobals) = postSolution
		SolutionGuid = {A86DBFF2-2D95-4256-888A-3FE57CD29D95}
	EndGlobalSection
EndGlobal
